// !$*UTF8*$!
{
	archiveVersion = 1;
	classes = {
	};
	objectVersion = 50;
	objects = {

/* Begin PBXBuildFile section */
		522C6A4D229F439C00E43D27 /* AppDelegate.swift in Sources */ = {isa = PBXBuildFile; fileRef = 522C6A4C229F439C00E43D27 /* AppDelegate.swift */; };
		522C6A4F229F439C00E43D27 /* ViewController.swift in Sources */ = {isa = PBXBuildFile; fileRef = 522C6A4E229F439C00E43D27 /* ViewController.swift */; };
		522C6A51229F439E00E43D27 /* Assets.xcassets in Resources */ = {isa = PBXBuildFile; fileRef = 522C6A50229F439E00E43D27 /* Assets.xcassets */; };
		522C6A54229F439E00E43D27 /* Main.storyboard in Resources */ = {isa = PBXBuildFile; fileRef = 522C6A52229F439E00E43D27 /* Main.storyboard */; };
		522C6A5D229F4E7F00E43D27 /* PluginManager.swift in Sources */ = {isa = PBXBuildFile; fileRef = 522C6A5C229F4E7F00E43D27 /* PluginManager.swift */; };
		5252810A22AB3677001E8965 /* AUViewController.swift in Sources */ = {isa = PBXBuildFile; fileRef = 5252810922AB3677001E8965 /* AUViewController.swift */; };
		52D9769822A877D30042A2FD /* MidiFilePlayer.swift in Sources */ = {isa = PBXBuildFile; fileRef = 52D9769722A877D30042A2FD /* MidiFilePlayer.swift */; };
/* End PBXBuildFile section */

/* Begin PBXFileReference section */
		522C6A49229F439C00E43D27 /* PluginViewer.app */ = {isa = PBXFileReference; explicitFileType = wrapper.application; includeInIndex = 0; path = PluginViewer.app; sourceTree = BUILT_PRODUCTS_DIR; };
		522C6A4C229F439C00E43D27 /* AppDelegate.swift */ = {isa = PBXFileReference; lastKnownFileType = sourcecode.swift; path = AppDelegate.swift; sourceTree = "<group>"; };
		522C6A4E229F439C00E43D27 /* ViewController.swift */ = {isa = PBXFileReference; lastKnownFileType = sourcecode.swift; path = ViewController.swift; sourceTree = "<group>"; };
		522C6A50229F439E00E43D27 /* Assets.xcassets */ = {isa = PBXFileReference; lastKnownFileType = folder.assetcatalog; path = Assets.xcassets; sourceTree = "<group>"; };
		522C6A53229F439E00E43D27 /* Base */ = {isa = PBXFileReference; lastKnownFileType = file.storyboard; name = Base; path = Base.lproj/Main.storyboard; sourceTree = "<group>"; };
		522C6A55229F439E00E43D27 /* Info.plist */ = {isa = PBXFileReference; lastKnownFileType = text.plist.xml; path = Info.plist; sourceTree = "<group>"; };
		522C6A56229F439E00E43D27 /* PluginViewer.entitlements */ = {isa = PBXFileReference; lastKnownFileType = text.plist.entitlements; path = PluginViewer.entitlements; sourceTree = "<group>"; };
		522C6A5C229F4E7F00E43D27 /* PluginManager.swift */ = {isa = PBXFileReference; lastKnownFileType = sourcecode.swift; path = PluginManager.swift; sourceTree = "<group>"; };
		5252810922AB3677001E8965 /* AUViewController.swift */ = {isa = PBXFileReference; lastKnownFileType = sourcecode.swift; path = AUViewController.swift; sourceTree = "<group>"; };
		52D9769722A877D30042A2FD /* MidiFilePlayer.swift */ = {isa = PBXFileReference; lastKnownFileType = sourcecode.swift; path = MidiFilePlayer.swift; sourceTree = "<group>"; };
/* End PBXFileReference section */

/* Begin PBXFrameworksBuildPhase section */
		522C6A46229F439C00E43D27 /* Frameworks */ = {
			isa = PBXFrameworksBuildPhase;
			buildActionMask = 2147483647;
			files = (
			);
			runOnlyForDeploymentPostprocessing = 0;
		};
/* End PBXFrameworksBuildPhase section */

/* Begin PBXGroup section */
		522C6A40229F439C00E43D27 = {
			isa = PBXGroup;
			children = (
				522C6A4B229F439C00E43D27 /* PluginViewer */,
				522C6A4A229F439C00E43D27 /* Products */,
			);
			sourceTree = "<group>";
		};
		522C6A4A229F439C00E43D27 /* Products */ = {
			isa = PBXGroup;
			children = (
				522C6A49229F439C00E43D27 /* PluginViewer.app */,
			);
			name = Products;
			sourceTree = "<group>";
		};
		522C6A4B229F439C00E43D27 /* PluginViewer */ = {
			isa = PBXGroup;
			children = (
				522C6A4C229F439C00E43D27 /* AppDelegate.swift */,
				522C6A4E229F439C00E43D27 /* ViewController.swift */,
				522C6A5C229F4E7F00E43D27 /* PluginManager.swift */,
				52D9769722A877D30042A2FD /* MidiFilePlayer.swift */,
				5252810922AB3677001E8965 /* AUViewController.swift */,
				522C6A50229F439E00E43D27 /* Assets.xcassets */,
				522C6A52229F439E00E43D27 /* Main.storyboard */,
				522C6A55229F439E00E43D27 /* Info.plist */,
				522C6A56229F439E00E43D27 /* PluginViewer.entitlements */,
			);
			path = PluginViewer;
			sourceTree = "<group>";
		};
/* End PBXGroup section */

/* Begin PBXNativeTarget section */
		522C6A48229F439C00E43D27 /* PluginViewer */ = {
			isa = PBXNativeTarget;
			buildConfigurationList = 522C6A59229F439E00E43D27 /* Build configuration list for PBXNativeTarget "PluginViewer" */;
			buildPhases = (
				522C6A45229F439C00E43D27 /* Sources */,
				522C6A46229F439C00E43D27 /* Frameworks */,
				522C6A47229F439C00E43D27 /* Resources */,
			);
			buildRules = (
			);
			dependencies = (
			);
			name = PluginViewer;
			productName = PluginViewer;
			productReference = 522C6A49229F439C00E43D27 /* PluginViewer.app */;
			productType = "com.apple.product-type.application";
		};
/* End PBXNativeTarget section */

/* Begin PBXProject section */
		522C6A41229F439C00E43D27 /* Project object */ = {
			isa = PBXProject;
			attributes = {
				LastSwiftUpdateCheck = 1020;
				LastUpgradeCheck = 1020;
				ORGANIZATIONNAME = "Gísli Másson";
				TargetAttributes = {
					522C6A48229F439C00E43D27 = {
						CreatedOnToolsVersion = 10.2.1;
						SystemCapabilities = {
							com.apple.Sandbox = {
								enabled = 0;
							};
						};
					};
				};
			};
			buildConfigurationList = 522C6A44229F439C00E43D27 /* Build configuration list for PBXProject "PluginViewer" */;
			compatibilityVersion = "Xcode 9.3";
			developmentRegion = en;
			hasScannedForEncodings = 0;
			knownRegions = (
				en,
				Base,
			);
			mainGroup = 522C6A40229F439C00E43D27;
			productRefGroup = 522C6A4A229F439C00E43D27 /* Products */;
			projectDirPath = "";
			projectRoot = "";
			targets = (
				522C6A48229F439C00E43D27 /* PluginViewer */,
			);
		};
/* End PBXProject section */

/* Begin PBXResourcesBuildPhase section */
		522C6A47229F439C00E43D27 /* Resources */ = {
			isa = PBXResourcesBuildPhase;
			buildActionMask = 2147483647;
			files = (
				522C6A51229F439E00E43D27 /* Assets.xcassets in Resources */,
				522C6A54229F439E00E43D27 /* Main.storyboard in Resources */,
			);
			runOnlyForDeploymentPostprocessing = 0;
		};
/* End PBXResourcesBuildPhase section */

/* Begin PBXSourcesBuildPhase section */
		522C6A45229F439C00E43D27 /* Sources */ = {
			isa = PBXSourcesBuildPhase;
			buildActionMask = 2147483647;
			files = (
				522C6A4F229F439C00E43D27 /* ViewController.swift in Sources */,
				522C6A4D229F439C00E43D27 /* AppDelegate.swift in Sources */,
				52D9769822A877D30042A2FD /* MidiFilePlayer.swift in Sources */,
				522C6A5D229F4E7F00E43D27 /* PluginManager.swift in Sources */,
				5252810A22AB3677001E8965 /* AUViewController.swift in Sources */,
			);
			runOnlyForDeploymentPostprocessing = 0;
		};
/* End PBXSourcesBuildPhase section */

/* Begin PBXVariantGroup section */
		522C6A52229F439E00E43D27 /* Main.storyboard */ = {
			isa = PBXVariantGroup;
			children = (
				522C6A53229F439E00E43D27 /* Base */,
			);
			name = Main.storyboard;
			sourceTree = "<group>";
		};
/* End PBXVariantGroup section */

/* Begin XCBuildConfiguration section */
		522C6A57229F439E00E43D27 /* Debug */ = {
			isa = XCBuildConfiguration;
			buildSettings = {
				ALWAYS_SEARCH_USER_PATHS = NO;
				CLANG_ANALYZER_NONNULL = YES;
				CLANG_ANALYZER_NUMBER_OBJECT_CONVERSION = YES_AGGRESSIVE;
				CLANG_CXX_LANGUAGE_STANDARD = "gnu++14";
				CLANG_CXX_LIBRARY = "libc++";
				CLANG_ENABLE_MODULES = YES;
				CLANG_ENABLE_OBJC_ARC = YES;
				CLANG_ENABLE_OBJC_WEAK = YES;
				CLANG_WARN_BLOCK_CAPTURE_AUTORELEASING = YES;
				CLANG_WARN_BOOL_CONVERSION = YES;
				CLANG_WARN_COMMA = YES;
				CLANG_WARN_CONSTANT_CONVERSION = YES;
				CLANG_WARN_DEPRECATED_OBJC_IMPLEMENTATIONS = YES;
				CLANG_WARN_DIRECT_OBJC_ISA_USAGE = YES_ERROR;
				CLANG_WARN_DOCUMENTATION_COMMENTS = YES;
				CLANG_WARN_EMPTY_BODY = YES;
				CLANG_WARN_ENUM_CONVERSION = YES;
				CLANG_WARN_INFINITE_RECURSION = YES;
				CLANG_WARN_INT_CONVERSION = YES;
				CLANG_WARN_NON_LITERAL_NULL_CONVERSION = YES;
				CLANG_WARN_OBJC_IMPLICIT_RETAIN_SELF = YES;
				CLANG_WARN_OBJC_LITERAL_CONVERSION = YES;
				CLANG_WARN_OBJC_ROOT_CLASS = YES_ERROR;
				CLANG_WARN_RANGE_LOOP_ANALYSIS = YES;
				CLANG_WARN_STRICT_PROTOTYPES = YES;
				CLANG_WARN_SUSPICIOUS_MOVE = YES;
				CLANG_WARN_UNGUARDED_AVAILABILITY = YES_AGGRESSIVE;
				CLANG_WARN_UNREACHABLE_CODE = YES;
				CLANG_WARN__DUPLICATE_METHOD_MATCH = YES;
				CODE_SIGN_IDENTITY = "-";
				COPY_PHASE_STRIP = NO;
				DEBUG_INFORMATION_FORMAT = dwarf;
				ENABLE_STRICT_OBJC_MSGSEND = YES;
				ENABLE_TESTABILITY = YES;
				GCC_C_LANGUAGE_STANDARD = gnu11;
				GCC_DYNAMIC_NO_PIC = NO;
				GCC_NO_COMMON_BLOCKS = YES;
				GCC_OPTIMIZATION_LEVEL = 0;
				GCC_PREPROCESSOR_DEFINITIONS = (
					"DEBUG=1",
					"$(inherited)",
				);
				GCC_WARN_64_TO_32_BIT_CONVERSION = YES;
				GCC_WARN_ABOUT_RETURN_TYPE = YES_ERROR;
				GCC_WARN_UNDECLARED_SELECTOR = YES;
				GCC_WARN_UNINITIALIZED_AUTOS = YES_AGGRESSIVE;
				GCC_WARN_UNUSED_FUNCTION = YES;
				GCC_WARN_UNUSED_VARIABLE = YES;
				MACOSX_DEPLOYMENT_TARGET = 10.14;
				MTL_ENABLE_DEBUG_INFO = INCLUDE_SOURCE;
				MTL_FAST_MATH = YES;
				ONLY_ACTIVE_ARCH = YES;
				SDKROOT = macosx;
				SWIFT_ACTIVE_COMPILATION_CONDITIONS = DEBUG;
				SWIFT_OPTIMIZATION_LEVEL = "-Onone";
			};
			name = Debug;
		};
		522C6A58229F439E00E43D27 /* Release */ = {
			isa = XCBuildConfiguration;
			buildSettings = {
				ALWAYS_SEARCH_USER_PATHS = NO;
				CLANG_ANALYZER_NONNULL = YES;
				CLANG_ANALYZER_NUMBER_OBJECT_CONVERSION = YES_AGGRESSIVE;
				CLANG_CXX_LANGUAGE_STANDARD = "gnu++14";
				CLANG_CXX_LIBRARY = "libc++";
				CLANG_ENABLE_MODULES = YES;
				CLANG_ENABLE_OBJC_ARC = YES;
				CLANG_ENABLE_OBJC_WEAK = YES;
				CLANG_WARN_BLOCK_CAPTURE_AUTORELEASING = YES;
				CLANG_WARN_BOOL_CONVERSION = YES;
				CLANG_WARN_COMMA = YES;
				CLANG_WARN_CONSTANT_CONVERSION = YES;
				CLANG_WARN_DEPRECATED_OBJC_IMPLEMENTATIONS = YES;
				CLANG_WARN_DIRECT_OBJC_ISA_USAGE = YES_ERROR;
				CLANG_WARN_DOCUMENTATION_COMMENTS = YES;
				CLANG_WARN_EMPTY_BODY = YES;
				CLANG_WARN_ENUM_CONVERSION = YES;
				CLANG_WARN_INFINITE_RECURSION = YES;
				CLANG_WARN_INT_CONVERSION = YES;
				CLANG_WARN_NON_LITERAL_NULL_CONVERSION = YES;
				CLANG_WARN_OBJC_IMPLICIT_RETAIN_SELF = YES;
				CLANG_WARN_OBJC_LITERAL_CONVERSION = YES;
				CLANG_WARN_OBJC_ROOT_CLASS = YES_ERROR;
				CLANG_WARN_RANGE_LOOP_ANALYSIS = YES;
				CLANG_WARN_STRICT_PROTOTYPES = YES;
				CLANG_WARN_SUSPICIOUS_MOVE = YES;
				CLANG_WARN_UNGUARDED_AVAILABILITY = YES_AGGRESSIVE;
				CLANG_WARN_UNREACHABLE_CODE = YES;
				CLANG_WARN__DUPLICATE_METHOD_MATCH = YES;
				CODE_SIGN_IDENTITY = "-";
				COPY_PHASE_STRIP = NO;
				DEBUG_INFORMATION_FORMAT = "dwarf-with-dsym";
				ENABLE_NS_ASSERTIONS = NO;
				ENABLE_STRICT_OBJC_MSGSEND = YES;
				GCC_C_LANGUAGE_STANDARD = gnu11;
				GCC_NO_COMMON_BLOCKS = YES;
				GCC_WARN_64_TO_32_BIT_CONVERSION = YES;
				GCC_WARN_ABOUT_RETURN_TYPE = YES_ERROR;
				GCC_WARN_UNDECLARED_SELECTOR = YES;
				GCC_WARN_UNINITIALIZED_AUTOS = YES_AGGRESSIVE;
				GCC_WARN_UNUSED_FUNCTION = YES;
				GCC_WARN_UNUSED_VARIABLE = YES;
				MACOSX_DEPLOYMENT_TARGET = 10.14;
				MTL_ENABLE_DEBUG_INFO = NO;
				MTL_FAST_MATH = YES;
				SDKROOT = macosx;
				SWIFT_COMPILATION_MODE = wholemodule;
				SWIFT_OPTIMIZATION_LEVEL = "-O";
			};
			name = Release;
		};
		522C6A5A229F439E00E43D27 /* Debug */ = {
			isa = XCBuildConfiguration;
			buildSettings = {
				ASSETCATALOG_COMPILER_APPICON_NAME = AppIcon;
				CODE_SIGN_STYLE = Automatic;
				COMBINE_HIDPI_IMAGES = YES;
				INFOPLIST_FILE = PluginViewer/Info.plist;
				LD_RUNPATH_SEARCH_PATHS = (
					"$(inherited)",
					"@executable_path/../Frameworks",
				);
				PRODUCT_BUNDLE_IDENTIFIER = com.gislimasson.PluginViewer;
				PRODUCT_NAME = "$(TARGET_NAME)";
				SWIFT_VERSION = 5.0;
			};
			name = Debug;
		};
		522C6A5B229F439E00E43D27 /* Release */ = {
			isa = XCBuildConfiguration;
			buildSettings = {
				ASSETCATALOG_COMPILER_APPICON_NAME = AppIcon;
				CODE_SIGN_STYLE = Automatic;
				COMBINE_HIDPI_IMAGES = YES;
				INFOPLIST_FILE = PluginViewer/Info.plist;
				LD_RUNPATH_SEARCH_PATHS = (
					"$(inherited)",
					"@executable_path/../Frameworks",
				);
				PRODUCT_BUNDLE_IDENTIFIER = com.gislimasson.PluginViewer;
				PRODUCT_NAME = "$(TARGET_NAME)";
				SWIFT_VERSION = 5.0;
			};
			name = Release;
		};
/* End XCBuildConfiguration section */

/* Begin XCConfigurationList section */
		522C6A44229F439C00E43D27 /* Build configuration list for PBXProject "PluginViewer" */ = {
			isa = XCConfigurationList;
			buildConfigurations = (
				522C6A57229F439E00E43D27 /* Debug */,
				522C6A58229F439E00E43D27 /* Release */,
			);
			defaultConfigurationIsVisible = 0;
			defaultConfigurationName = Release;
		};
		522C6A59229F439E00E43D27 /* Build configuration list for PBXNativeTarget "PluginViewer" */ = {
			isa = XCConfigurationList;
			buildConfigurations = (
				522C6A5A229F439E00E43D27 /* Debug */,
				522C6A5B229F439E00E43D27 /* Release */,
			);
			defaultConfigurationIsVisible = 0;
			defaultConfigurationName = Release;
		};
/* End XCConfigurationList section */
	};
	rootObject = 522C6A41229F439C00E43D27 /* Project object */;
}
